
Microsoft Visual Studio Solution File, Format Version 12.00
# Visual Studio 15
VisualStudioVersion = 15.0.27004.2002
MinimumVisualStudioVersion = 10.0.40219.1
Project("{8BC9CEB8-8B4A-11D0-8D11-00A0C91BC942}") = "Project6", "Project6\Project6.vcxproj", "{CFA8D05D-D4E6-4C2E-9A2A-148A0ED39D6D}"
EndProject
Global
	GlobalSection(SolutionConfigurationPlatforms) = preSolution
		Debug|x64 = Debug|x64
		Debug|x86 = Debug|x86
		Release|x64 = Release|x64
		Release|x86 = Release|x86
	EndGlobalSection
	GlobalSection(ProjectConfigurationPlatforms) = postSolution
		{CFA8D05D-D4E6-4C2E-9A2A-148A0ED39D6D}.Debug|x64.ActiveCfg = Debug|x64
		{CFA8D05D-D4E6-4C2E-9A2A-148A0ED39D6D}.Debug|x64.Build.0 = Debug|x64
		{CFA8D05D-D4E6-4C2E-9A2A-148A0ED39D6D}.Debug|x86.ActiveCfg = Debug|Win32
		{CFA8D05D-D4E6-4C2E-9A2A-148A0ED39D6D}.Debug|x86.Build.0 = Debug|Win32
		{CFA8D05D-D4E6-4C2E-9A2A-148A0ED39D6D}.Release|x64.ActiveCfg = Release|x64
		{CFA8D05D-D4E6-4C2E-9A2A-148A0ED39D6D}.Release|x64.Build.0 = Release|x64
		{CFA8D05D-D4E6-4C2E-9A2A-148A0ED39D6D}.Release|x86.ActiveCfg = Release|Win32
		{CFA8D05D-D4E6-4C2E-9A2A-148A0ED39D6D}.Release|x86.Build.0 = Release|Win32
	EndGlobalSection
	GlobalSection(SolutionProperties) = preSolution
		HideSolutionNode = FALSE
	EndGlobalSection
	GlobalSection(ExtensibilityGlobals) = postSolution
		SolutionGuid = {C81934AD-C65A-4F4E-BB9B-C678CFAB9A5F}
	EndGlobalSection
EndGlobal
